
Microsoft Visual Studio Solution File, Format Version 12.00
# Visual Studio 15
VisualStudioVersion = 15.0.28010.2003
MinimumVisualStudioVersion = 10.0.40219.1
Project("{FAE04EC0-301F-11D3-BF4B-00C04F79EFBC}") = "HelloWorld", "HelloWorld\HelloWorld.csproj", "{52ED7365-8DA8-455A-90B3-08B969E3DEF9}"
EndProject
Project("{FAE04EC0-301F-11D3-BF4B-00C04F79EFBC}") = "HelloWorld.Tests", "HelloWorld.Tests\HelloWorld.Tests.csproj", "{D1451A5A-1601-4FD1-BA72-E1471C87137E}"
EndProject
Global
	GlobalSection(SolutionConfigurationPlatforms) = preSolution
		Debug|Any CPU = Debug|Any CPU
		Release|Any CPU = Release|Any CPU
	EndGlobalSection
	GlobalSection(ProjectConfigurationPlatforms) = postSolution
		{52ED7365-8DA8-455A-90B3-08B969E3DEF9}.Debug|Any CPU.ActiveCfg = Debug|Any CPU
		{52ED7365-8DA8-455A-90B3-08B969E3DEF9}.Debug|Any CPU.Build.0 = Debug|Any CPU
		{52ED7365-8DA8-455A-90B3-08B969E3DEF9}.Release|Any CPU.ActiveCfg = Release|Any CPU
		{52ED7365-8DA8-455A-90B3-08B969E3DEF9}.Release|Any CPU.Build.0 = Release|Any CPU
		{D1451A5A-1601-4FD1-BA72-E1471C87137E}.Debug|Any CPU.ActiveCfg = Debug|Any CPU
		{D1451A5A-1601-4FD1-BA72-E1471C87137E}.Debug|Any CPU.Build.0 = Debug|Any CPU
		{D1451A5A-1601-4FD1-BA72-E1471C87137E}.Release|Any CPU.ActiveCfg = Release|Any CPU
		{D1451A5A-1601-4FD1-BA72-E1471C87137E}.Release|Any CPU.Build.0 = Release|Any CPU
	EndGlobalSection
	GlobalSection(SolutionProperties) = preSolution
		HideSolutionNode = FALSE
	EndGlobalSection
	GlobalSection(ExtensibilityGlobals) = postSolution
		SolutionGuid = {39A421DC-58FF-4329-BAB1-A9F9CCCDC80B}
	EndGlobalSection
EndGlobal
